// !$*UTF8*$!
{
	archiveVersion = 1;
	classes = {
	};
	objectVersion = 77;
	objects = {

/* Begin PBXBuildFile section */
		F10305092E62B31B0085F8D4 /* ZIPFoundation in Frameworks */ = {isa = PBXBuildFile; productRef = F11938C42E60A52D003F868D /* ZIPFoundation */; };
		F1A887002E66445100718F1B /* WidgetKit.framework in Frameworks */ = {isa = PBXBuildFile; fileRef = F1A886FF2E66445100718F1B /* WidgetKit.framework */; };
		F1A887022E66445100718F1B /* SwiftUI.framework in Frameworks */ = {isa = PBXBuildFile; fileRef = F1A887012E66445100718F1B /* SwiftUI.framework */; };
		F1A887132E66445200718F1B /* IsoraWidgetExtension.appex in Embed Foundation Extensions */ = {isa = PBXBuildFile; fileRef = F1A886FD2E66445100718F1B /* IsoraWidgetExtension.appex */; settings = {ATTRIBUTES = (RemoveHeadersOnCopy, ); }; };
/* End PBXBuildFile section */

/* Begin PBXContainerItemProxy section */
		F13289B22E4DBA6D004EC064 /* PBXContainerItemProxy */ = {
			isa = PBXContainerItemProxy;
			containerPortal = F13289982E4DBA6B004EC064 /* Project object */;
			proxyType = 1;
			remoteGlobalIDString = F132899F2E4DBA6B004EC064;
			remoteInfo = Isora;
		};
		F13289BC2E4DBA6D004EC064 /* PBXContainerItemProxy */ = {
			isa = PBXContainerItemProxy;
			containerPortal = F13289982E4DBA6B004EC064 /* Project object */;
			proxyType = 1;
			remoteGlobalIDString = F132899F2E4DBA6B004EC064;
			remoteInfo = Isora;
		};
		F1A887112E66445200718F1B /* PBXContainerItemProxy */ = {
			isa = PBXContainerItemProxy;
			containerPortal = F13289982E4DBA6B004EC064 /* Project object */;
			proxyType = 1;
			remoteGlobalIDString = F1A886FC2E66445100718F1B;
			remoteInfo = IsoraWidgetExtension;
		};
/* End PBXContainerItemProxy section */

/* Begin PBXCopyFilesBuildPhase section */
		F1A887182E66445200718F1B /* Embed Foundation Extensions */ = {
			isa = PBXCopyFilesBuildPhase;
			buildActionMask = 2147483647;
			dstPath = "";
			dstSubfolderSpec = 13;
			files = (
				F1A887132E66445200718F1B /* IsoraWidgetExtension.appex in Embed Foundation Extensions */,
			);
			name = "Embed Foundation Extensions";
			runOnlyForDeploymentPostprocessing = 0;
		};
/* End PBXCopyFilesBuildPhase section */

/* Begin PBXFileReference section */
		F13289A02E4DBA6B004EC064 /* Isora.app */ = {isa = PBXFileReference; explicitFileType = wrapper.application; includeInIndex = 0; path = Isora.app; sourceTree = BUILT_PRODUCTS_DIR; };
		F13289B12E4DBA6D004EC064 /* IsoraTests.xctest */ = {isa = PBXFileReference; explicitFileType = wrapper.cfbundle; includeInIndex = 0; path = IsoraTests.xctest; sourceTree = BUILT_PRODUCTS_DIR; };
		F13289BB2E4DBA6D004EC064 /* IsoraUITests.xctest */ = {isa = PBXFileReference; explicitFileType = wrapper.cfbundle; includeInIndex = 0; path = IsoraUITests.xctest; sourceTree = BUILT_PRODUCTS_DIR; };
		F1A886FD2E66445100718F1B /* IsoraWidgetExtension.appex */ = {isa = PBXFileReference; explicitFileType = "wrapper.app-extension"; includeInIndex = 0; path = IsoraWidgetExtension.appex; sourceTree = BUILT_PRODUCTS_DIR; };
		F1A886FF2E66445100718F1B /* WidgetKit.framework */ = {isa = PBXFileReference; lastKnownFileType = wrapper.framework; name = WidgetKit.framework; path = System/Library/Frameworks/WidgetKit.framework; sourceTree = SDKROOT; };
		F1A887012E66445100718F1B /* SwiftUI.framework */ = {isa = PBXFileReference; lastKnownFileType = wrapper.framework; name = SwiftUI.framework; path = System/Library/Frameworks/SwiftUI.framework; sourceTree = SDKROOT; };
		F1A8871A2E6644BA00718F1B /* IsoraWidgetExtension.entitlements */ = {isa = PBXFileReference; lastKnownFileType = text.plist.entitlements; path = IsoraWidgetExtension.entitlements; sourceTree = "<group>"; };
		F1F056352E65D0B300C6E809 /* Secrets.xcconfig */ = {isa = PBXFileReference; lastKnownFileType = text.xcconfig; path = Secrets.xcconfig; sourceTree = "<group>"; };
		F1F056362E65D0B300C6E809 /* Base.xcconfig */ = {isa = PBXFileReference; lastKnownFileType = text.xcconfig; path = Base.xcconfig; sourceTree = "<group>"; };
/* End PBXFileReference section */

/* Begin PBXFileSystemSynchronizedBuildFileExceptionSet section */
		F13E2CE82E5F994200A4C166 /* Exceptions for "Isora" folder in "Isora" target */ = {
			isa = PBXFileSystemSynchronizedBuildFileExceptionSet;
			membershipExceptions = (
				Resources/Info.plist,
			);
			target = F132899F2E4DBA6B004EC064 /* Isora */;
		};
		F1A887172E66445200718F1B /* Exceptions for "IsoraWidget" folder in "IsoraWidgetExtension" target */ = {
			isa = PBXFileSystemSynchronizedBuildFileExceptionSet;
			membershipExceptions = (
				Info.plist,
			);
			target = F1A886FC2E66445100718F1B /* IsoraWidgetExtension */;
		};
		F1A887202E66496A00718F1B /* Exceptions for "Isora" folder in "IsoraWidgetExtension" target */ = {
			isa = PBXFileSystemSynchronizedBuildFileExceptionSet;
			membershipExceptions = (
				Core/Models/HardcoverLink.swift,
				Core/Models/SwiftData/AudiobookModel.swift,
				Core/Models/SwiftData/BookmarkModel.swift,
				Core/Models/SwiftData/ChapterModel.swift,
				Core/Models/SwiftData/ChapterTranscriptionModel.swift,
				Shared/AppIntents/AudiobookPlaybackIntents.swift,
				Shared/NowPlayingSharedStore.swift,
				Shared/TimeFormatting.swift,
			);
			target = F1A886FC2E66445100718F1B /* IsoraWidgetExtension */;
		};
/* End PBXFileSystemSynchronizedBuildFileExceptionSet section */

/* Begin PBXFileSystemSynchronizedRootGroup section */
		F13289A22E4DBA6B004EC064 /* Isora */ = {
			isa = PBXFileSystemSynchronizedRootGroup;
			exceptions = (
				F13E2CE82E5F994200A4C166 /* Exceptions for "Isora" folder in "Isora" target */,
				F1A887202E66496A00718F1B /* Exceptions for "Isora" folder in "IsoraWidgetExtension" target */,
			);
			path = Isora;
			sourceTree = "<group>";
		};
		F13289B42E4DBA6D004EC064 /* IsoraTests */ = {
			isa = PBXFileSystemSynchronizedRootGroup;
			path = IsoraTests;
			sourceTree = "<group>";
		};
		F13289BE2E4DBA6D004EC064 /* IsoraUITests */ = {
			isa = PBXFileSystemSynchronizedRootGroup;
			path = IsoraUITests;
			sourceTree = "<group>";
		};
		F1A887032E66445100718F1B /* IsoraWidget */ = {
			isa = PBXFileSystemSynchronizedRootGroup;
			exceptions = (
				F1A887172E66445200718F1B /* Exceptions for "IsoraWidget" folder in "IsoraWidgetExtension" target */,
			);
			path = IsoraWidget;
			sourceTree = "<group>";
		};
/* End PBXFileSystemSynchronizedRootGroup section */

/* Begin PBXFrameworksBuildPhase section */
		F132899D2E4DBA6B004EC064 /* Frameworks */ = {
			isa = PBXFrameworksBuildPhase;
			buildActionMask = 2147483647;
			files = (
				F10305092E62B31B0085F8D4 /* ZIPFoundation in Frameworks */,
			);
			runOnlyForDeploymentPostprocessing = 0;
		};
		F13289AE2E4DBA6D004EC064 /* Frameworks */ = {
			isa = PBXFrameworksBuildPhase;
			buildActionMask = 2147483647;
			files = (
			);
			runOnlyForDeploymentPostprocessing = 0;
		};
		F13289B82E4DBA6D004EC064 /* Frameworks */ = {
			isa = PBXFrameworksBuildPhase;
			buildActionMask = 2147483647;
			files = (
			);
			runOnlyForDeploymentPostprocessing = 0;
		};
		F1A886FA2E66445100718F1B /* Frameworks */ = {
			isa = PBXFrameworksBuildPhase;
			buildActionMask = 2147483647;
			files = (
				F1A887022E66445100718F1B /* SwiftUI.framework in Frameworks */,
				F1A887002E66445100718F1B /* WidgetKit.framework in Frameworks */,
			);
			runOnlyForDeploymentPostprocessing = 0;
		};
/* End PBXFrameworksBuildPhase section */

/* Begin PBXGroup section */
		F13289972E4DBA6B004EC064 = {
			isa = PBXGroup;
			children = (
				F1A8871A2E6644BA00718F1B /* IsoraWidgetExtension.entitlements */,
				F13289A22E4DBA6B004EC064 /* Isora */,
				F13289B42E4DBA6D004EC064 /* IsoraTests */,
				F13289BE2E4DBA6D004EC064 /* IsoraUITests */,
				F1C0NF1G0000000000000003 /* Config */,
				F1A887032E66445100718F1B /* IsoraWidget */,
				F1A886FE2E66445100718F1B /* Frameworks */,
				F13289A12E4DBA6B004EC064 /* Products */,
			);
			sourceTree = "<group>";
		};
		F13289A12E4DBA6B004EC064 /* Products */ = {
			isa = PBXGroup;
			children = (
				F13289A02E4DBA6B004EC064 /* Isora.app */,
				F13289B12E4DBA6D004EC064 /* IsoraTests.xctest */,
				F13289BB2E4DBA6D004EC064 /* IsoraUITests.xctest */,
				F1A886FD2E66445100718F1B /* IsoraWidgetExtension.appex */,
			);
			name = Products;
			sourceTree = "<group>";
		};
		F1A886FE2E66445100718F1B /* Frameworks */ = {
			isa = PBXGroup;
			children = (
				F1A886FF2E66445100718F1B /* WidgetKit.framework */,
				F1A887012E66445100718F1B /* SwiftUI.framework */,
			);
			name = Frameworks;
			sourceTree = "<group>";
		};
		F1C0NF1G0000000000000003 /* Config */ = {
			isa = PBXGroup;
			children = (
				F1F056352E65D0B300C6E809 /* Secrets.xcconfig */,
				F1F056362E65D0B300C6E809 /* Base.xcconfig */,
			);
			path = Config;
			sourceTree = "<group>";
		};
/* End PBXGroup section */

/* Begin PBXNativeTarget section */
		F132899F2E4DBA6B004EC064 /* Isora */ = {
			isa = PBXNativeTarget;
			buildConfigurationList = F13289C42E4DBA6D004EC064 /* Build configuration list for PBXNativeTarget "Isora" */;
			buildPhases = (
				F132899C2E4DBA6B004EC064 /* Sources */,
				F132899D2E4DBA6B004EC064 /* Frameworks */,
				F132899E2E4DBA6B004EC064 /* Resources */,
				F1A887182E66445200718F1B /* Embed Foundation Extensions */,
			);
			buildRules = (
			);
			dependencies = (
				F1A887122E66445200718F1B /* PBXTargetDependency */,
			);
			fileSystemSynchronizedGroups = (
				F13289A22E4DBA6B004EC064 /* Isora */,
			);
			name = Isora;
			packageProductDependencies = (
				F11938C42E60A52D003F868D /* ZIPFoundation */,
			);
			productName = Isora;
			productReference = F13289A02E4DBA6B004EC064 /* Isora.app */;
			productType = "com.apple.product-type.application";
		};
		F13289B02E4DBA6D004EC064 /* IsoraTests */ = {
			isa = PBXNativeTarget;
			buildConfigurationList = F13289C92E4DBA6D004EC064 /* Build configuration list for PBXNativeTarget "IsoraTests" */;
			buildPhases = (
				F13289AD2E4DBA6D004EC064 /* Sources */,
				F13289AE2E4DBA6D004EC064 /* Frameworks */,
				F13289AF2E4DBA6D004EC064 /* Resources */,
			);
			buildRules = (
			);
			dependencies = (
				F13289B32E4DBA6D004EC064 /* PBXTargetDependency */,
			);
			fileSystemSynchronizedGroups = (
				F13289B42E4DBA6D004EC064 /* IsoraTests */,
			);
			name = IsoraTests;
			packageProductDependencies = (
			);
			productName = IsoraTests;
			productReference = F13289B12E4DBA6D004EC064 /* IsoraTests.xctest */;
			productType = "com.apple.product-type.bundle.unit-test";
		};
		F13289BA2E4DBA6D004EC064 /* IsoraUITests */ = {
			isa = PBXNativeTarget;
			buildConfigurationList = F13289CC2E4DBA6D004EC064 /* Build configuration list for PBXNativeTarget "IsoraUITests" */;
			buildPhases = (
				F13289B72E4DBA6D004EC064 /* Sources */,
				F13289B82E4DBA6D004EC064 /* Frameworks */,
				F13289B92E4DBA6D004EC064 /* Resources */,
			);
			buildRules = (
			);
			dependencies = (
				F13289BD2E4DBA6D004EC064 /* PBXTargetDependency */,
			);
			fileSystemSynchronizedGroups = (
				F13289BE2E4DBA6D004EC064 /* IsoraUITests */,
			);
			name = IsoraUITests;
			packageProductDependencies = (
			);
			productName = IsoraUITests;
			productReference = F13289BB2E4DBA6D004EC064 /* IsoraUITests.xctest */;
			productType = "com.apple.product-type.bundle.ui-testing";
		};
		F1A886FC2E66445100718F1B /* IsoraWidgetExtension */ = {
			isa = PBXNativeTarget;
			buildConfigurationList = F1A887142E66445200718F1B /* Build configuration list for PBXNativeTarget "IsoraWidgetExtension" */;
			buildPhases = (
				F1A886F92E66445100718F1B /* Sources */,
				F1A886FA2E66445100718F1B /* Frameworks */,
				F1A886FB2E66445100718F1B /* Resources */,
			);
			buildRules = (
			);
			dependencies = (
			);
			fileSystemSynchronizedGroups = (
				F1A887032E66445100718F1B /* IsoraWidget */,
			);
			name = IsoraWidgetExtension;
			packageProductDependencies = (
			);
			productName = IsoraWidgetExtension;
			productReference = F1A886FD2E66445100718F1B /* IsoraWidgetExtension.appex */;
			productType = "com.apple.product-type.app-extension";
		};
/* End PBXNativeTarget section */

/* Begin PBXProject section */
		F13289982E4DBA6B004EC064 /* Project object */ = {
			isa = PBXProject;
			attributes = {
				BuildIndependentTargetsInParallel = 1;
				LastSwiftUpdateCheck = 2600;
				LastUpgradeCheck = 2660;
				TargetAttributes = {
					F132899F2E4DBA6B004EC064 = {
						CreatedOnToolsVersion = 16.4;
					};
					F13289B02E4DBA6D004EC064 = {
						CreatedOnToolsVersion = 16.4;
						TestTargetID = F132899F2E4DBA6B004EC064;
					};
					F13289BA2E4DBA6D004EC064 = {
						CreatedOnToolsVersion = 16.4;
						TestTargetID = F132899F2E4DBA6B004EC064;
					};
					F1A886FC2E66445100718F1B = {
						CreatedOnToolsVersion = 26.0;
					};
				};
			};
			buildConfigurationList = F132899B2E4DBA6B004EC064 /* Build configuration list for PBXProject "Isora" */;
			developmentRegion = en;
			hasScannedForEncodings = 0;
			knownRegions = (
				en,
				Base,
				fr,
			);
			mainGroup = F13289972E4DBA6B004EC064;
			minimizedProjectReferenceProxies = 1;
			packageReferences = (
				F11938C32E60A52D003F868D /* XCRemoteSwiftPackageReference "ZIPFoundation" */,
			);
			preferredProjectObjectVersion = 77;
			productRefGroup = F13289A12E4DBA6B004EC064 /* Products */;
			projectDirPath = "";
			projectRoot = "";
			targets = (
				F132899F2E4DBA6B004EC064 /* Isora */,
				F13289B02E4DBA6D004EC064 /* IsoraTests */,
				F13289BA2E4DBA6D004EC064 /* IsoraUITests */,
				F1A886FC2E66445100718F1B /* IsoraWidgetExtension */,
			);
		};
/* End PBXProject section */

/* Begin PBXResourcesBuildPhase section */
		F132899E2E4DBA6B004EC064 /* Resources */ = {
			isa = PBXResourcesBuildPhase;
			buildActionMask = 2147483647;
			files = (
			);
			runOnlyForDeploymentPostprocessing = 0;
		};
		F13289AF2E4DBA6D004EC064 /* Resources */ = {
			isa = PBXResourcesBuildPhase;
			buildActionMask = 2147483647;
			files = (
			);
			runOnlyForDeploymentPostprocessing = 0;
		};
		F13289B92E4DBA6D004EC064 /* Resources */ = {
			isa = PBXResourcesBuildPhase;
			buildActionMask = 2147483647;
			files = (
			);
			runOnlyForDeploymentPostprocessing = 0;
		};
		F1A886FB2E66445100718F1B /* Resources */ = {
			isa = PBXResourcesBuildPhase;
			buildActionMask = 2147483647;
			files = (
			);
			runOnlyForDeploymentPostprocessing = 0;
		};
/* End PBXResourcesBuildPhase section */

/* Begin PBXSourcesBuildPhase section */
		F132899C2E4DBA6B004EC064 /* Sources */ = {
			isa = PBXSourcesBuildPhase;
			buildActionMask = 2147483647;
			files = (
			);
			runOnlyForDeploymentPostprocessing = 0;
		};
		F13289AD2E4DBA6D004EC064 /* Sources */ = {
			isa = PBXSourcesBuildPhase;
			buildActionMask = 2147483647;
			files = (
			);
			runOnlyForDeploymentPostprocessing = 0;
		};
		F13289B72E4DBA6D004EC064 /* Sources */ = {
			isa = PBXSourcesBuildPhase;
			buildActionMask = 2147483647;
			files = (
			);
			runOnlyForDeploymentPostprocessing = 0;
		};
		F1A886F92E66445100718F1B /* Sources */ = {
			isa = PBXSourcesBuildPhase;
			buildActionMask = 2147483647;
			files = (
			);
			runOnlyForDeploymentPostprocessing = 0;
		};
/* End PBXSourcesBuildPhase section */

/* Begin PBXTargetDependency section */
		F13289B32E4DBA6D004EC064 /* PBXTargetDependency */ = {
			isa = PBXTargetDependency;
			target = F132899F2E4DBA6B004EC064 /* Isora */;
			targetProxy = F13289B22E4DBA6D004EC064 /* PBXContainerItemProxy */;
		};
		F13289BD2E4DBA6D004EC064 /* PBXTargetDependency */ = {
			isa = PBXTargetDependency;
			target = F132899F2E4DBA6B004EC064 /* Isora */;
			targetProxy = F13289BC2E4DBA6D004EC064 /* PBXContainerItemProxy */;
		};
		F1A887122E66445200718F1B /* PBXTargetDependency */ = {
			isa = PBXTargetDependency;
			target = F1A886FC2E66445100718F1B /* IsoraWidgetExtension */;
			targetProxy = F1A887112E66445200718F1B /* PBXContainerItemProxy */;
		};
/* End PBXTargetDependency section */

/* Begin XCBuildConfiguration section */
		F13289C52E4DBA6D004EC064 /* Debug */ = {
			isa = XCBuildConfiguration;
			buildSettings = {
				ASSETCATALOG_COMPILER_APPICON_NAME = audiobook;
				ASSETCATALOG_COMPILER_GLOBAL_ACCENT_COLOR_NAME = AccentColor;
				CODE_SIGN_ENTITLEMENTS = Isora/Resources/Isora.entitlements;
				CODE_SIGN_IDENTITY = "Apple Development";
				CODE_SIGN_STYLE = Automatic;
				CURRENT_PROJECT_VERSION = 1;
				DEVELOPMENT_TEAM = 9A2R42N433;
				ENABLE_APP_SANDBOX = YES;
				ENABLE_PREVIEWS = YES;
				ENABLE_USER_SELECTED_FILES = readonly;
				GENERATE_INFOPLIST_FILE = YES;
				INFOPLIST_FILE = Isora/Resources/Info.plist;
				INFOPLIST_KEY_CFBundleDisplayName = Isora;
				INFOPLIST_KEY_LSApplicationCategoryType = "public.app-category.entertainment";
				INFOPLIST_KEY_LSSupportsOpeningDocumentsInPlace = YES;
				INFOPLIST_KEY_NSPhotoLibraryUsageDescription = "This app needs access to your photo library to let you choose cover images for your audiobooks.";
				INFOPLIST_KEY_UIApplicationSceneManifest_Generation = YES;
				INFOPLIST_KEY_UIApplicationSupportsIndirectInputEvents = YES;
				INFOPLIST_KEY_UILaunchScreen_Generation = YES;
				INFOPLIST_KEY_UISupportedInterfaceOrientations = UIInterfaceOrientationPortrait;
				INFOPLIST_KEY_UISupportedInterfaceOrientations_iPad = "UIInterfaceOrientationLandscapeLeft UIInterfaceOrientationLandscapeRight UIInterfaceOrientationPortrait UIInterfaceOrientationPortraitUpsideDown";
				LD_RUNPATH_SEARCH_PATHS = (
					"$(inherited)",
					"@executable_path/Frameworks",
				);
				MARKETING_VERSION = 1.0;
				PRODUCT_BUNDLE_IDENTIFIER = io.jayet.Isora;
				PRODUCT_NAME = "$(TARGET_NAME)";
				PROVISIONING_PROFILE_SPECIFIER = "";
				SWIFT_EMIT_LOC_STRINGS = YES;
				SWIFT_VERSION = 6.0;
				TARGETED_DEVICE_FAMILY = "1,2";
			};
			name = Debug;
		};
		F13289C62E4DBA6D004EC064 /* Release */ = {
			isa = XCBuildConfiguration;
			buildSettings = {
				ASSETCATALOG_COMPILER_APPICON_NAME = audiobook;
				ASSETCATALOG_COMPILER_GLOBAL_ACCENT_COLOR_NAME = AccentColor;
				CODE_SIGN_ENTITLEMENTS = Isora/Resources/Isora.entitlements;
				CODE_SIGN_IDENTITY = "Apple Development";
				CODE_SIGN_STYLE = Automatic;
				CURRENT_PROJECT_VERSION = 1;
				DEVELOPMENT_TEAM = 9A2R42N433;
				ENABLE_APP_SANDBOX = YES;
				ENABLE_PREVIEWS = YES;
				ENABLE_USER_SELECTED_FILES = readonly;
				GENERATE_INFOPLIST_FILE = YES;
				INFOPLIST_FILE = Isora/Resources/Info.plist;
				INFOPLIST_KEY_CFBundleDisplayName = Isora;
				INFOPLIST_KEY_LSApplicationCategoryType = "public.app-category.entertainment";
				INFOPLIST_KEY_LSSupportsOpeningDocumentsInPlace = YES;
				INFOPLIST_KEY_NSPhotoLibraryUsageDescription = "This app needs access to your photo library to let you choose cover images for your audiobooks.";
				INFOPLIST_KEY_UIApplicationSceneManifest_Generation = YES;
				INFOPLIST_KEY_UIApplicationSupportsIndirectInputEvents = YES;
				INFOPLIST_KEY_UILaunchScreen_Generation = YES;
				INFOPLIST_KEY_UISupportedInterfaceOrientations = UIInterfaceOrientationPortrait;
				INFOPLIST_KEY_UISupportedInterfaceOrientations_iPad = "UIInterfaceOrientationLandscapeLeft UIInterfaceOrientationLandscapeRight UIInterfaceOrientationPortrait UIInterfaceOrientationPortraitUpsideDown";
				LD_RUNPATH_SEARCH_PATHS = (
					"$(inherited)",
					"@executable_path/Frameworks",
				);
				MARKETING_VERSION = 1.0;
				PRODUCT_BUNDLE_IDENTIFIER = io.jayet.Isora;
				PRODUCT_NAME = "$(TARGET_NAME)";
				PROVISIONING_PROFILE_SPECIFIER = "";
				SWIFT_EMIT_LOC_STRINGS = YES;
				SWIFT_VERSION = 6.0;
				TARGETED_DEVICE_FAMILY = "1,2";
			};
			name = Release;
		};
		F13289C72E4DBA6D004EC064 /* Debug */ = {
			isa = XCBuildConfiguration;
			baseConfigurationReference = F1F056362E65D0B300C6E809 /* Base.xcconfig */;
			buildSettings = {
				ALWAYS_SEARCH_USER_PATHS = NO;
				ASSETCATALOG_COMPILER_GENERATE_SWIFT_ASSET_SYMBOL_EXTENSIONS = YES;
				CLANG_ANALYZER_LOCALIZABILITY_NONLOCALIZED = YES;
				CLANG_ANALYZER_NONNULL = YES;
				CLANG_ANALYZER_NUMBER_OBJECT_CONVERSION = YES_AGGRESSIVE;
				CLANG_CXX_LANGUAGE_STANDARD = "gnu++20";
				CLANG_ENABLE_MODULES = YES;
				CLANG_ENABLE_OBJC_ARC = YES;
				CLANG_ENABLE_OBJC_WEAK = YES;
				CLANG_WARN_BLOCK_CAPTURE_AUTORELEASING = YES;
				CLANG_WARN_BOOL_CONVERSION = YES;
				CLANG_WARN_COMMA = YES;
				CLANG_WARN_CONSTANT_CONVERSION = YES;
				CLANG_WARN_DEPRECATED_OBJC_IMPLEMENTATIONS = YES;
				CLANG_WARN_DIRECT_OBJC_ISA_USAGE = YES_ERROR;
				CLANG_WARN_DOCUMENTATION_COMMENTS = YES;
				CLANG_WARN_EMPTY_BODY = YES;
				CLANG_WARN_ENUM_CONVERSION = YES;
				CLANG_WARN_INFINITE_RECURSION = YES;
				CLANG_WARN_INT_CONVERSION = YES;
				CLANG_WARN_NON_LITERAL_NULL_CONVERSION = YES;
				CLANG_WARN_OBJC_IMPLICIT_RETAIN_SELF = YES;
				CLANG_WARN_OBJC_LITERAL_CONVERSION = YES;
				CLANG_WARN_OBJC_ROOT_CLASS = YES_ERROR;
				CLANG_WARN_QUOTED_INCLUDE_IN_FRAMEWORK_HEADER = YES;
				CLANG_WARN_RANGE_LOOP_ANALYSIS = YES;
				CLANG_WARN_STRICT_PROTOTYPES = YES;
				CLANG_WARN_SUSPICIOUS_MOVE = YES;
				CLANG_WARN_UNGUARDED_AVAILABILITY = YES_AGGRESSIVE;
				CLANG_WARN_UNREACHABLE_CODE = YES;
				CLANG_WARN__DUPLICATE_METHOD_MATCH = YES;
				COPY_PHASE_STRIP = NO;
				DEBUG_INFORMATION_FORMAT = dwarf;
				DEVELOPMENT_TEAM = 9A2R42N433;
				ENABLE_STRICT_OBJC_MSGSEND = YES;
				ENABLE_TESTABILITY = YES;
				ENABLE_USER_SCRIPT_SANDBOXING = YES;
				GCC_C_LANGUAGE_STANDARD = gnu17;
				GCC_DYNAMIC_NO_PIC = NO;
				GCC_NO_COMMON_BLOCKS = YES;
				GCC_OPTIMIZATION_LEVEL = 0;
				GCC_PREPROCESSOR_DEFINITIONS = (
					"DEBUG=1",
					"$(inherited)",
				);
				GCC_WARN_64_TO_32_BIT_CONVERSION = YES;
				GCC_WARN_ABOUT_RETURN_TYPE = YES_ERROR;
				GCC_WARN_UNDECLARED_SELECTOR = YES;
				GCC_WARN_UNINITIALIZED_AUTOS = YES_AGGRESSIVE;
				GCC_WARN_UNUSED_FUNCTION = YES;
				GCC_WARN_UNUSED_VARIABLE = YES;
				IPHONEOS_DEPLOYMENT_TARGET = 26.0;
				LOCALIZATION_PREFERS_STRING_CATALOGS = YES;
				MTL_ENABLE_DEBUG_INFO = INCLUDE_SOURCE;
				MTL_FAST_MATH = YES;
				ONLY_ACTIVE_ARCH = YES;
				SDKROOT = iphoneos;
				STRING_CATALOG_GENERATE_SYMBOLS = YES;
				SWIFT_ACTIVE_COMPILATION_CONDITIONS = "DEBUG $(inherited)";
				SWIFT_OPTIMIZATION_LEVEL = "-Onone";
			};
			name = Debug;
		};
		F13289C82E4DBA6D004EC064 /* Release */ = {
			isa = XCBuildConfiguration;
			baseConfigurationReference = F1F056362E65D0B300C6E809 /* Base.xcconfig */;
			buildSettings = {
				ALWAYS_SEARCH_USER_PATHS = NO;
				ASSETCATALOG_COMPILER_GENERATE_SWIFT_ASSET_SYMBOL_EXTENSIONS = YES;
				CLANG_ANALYZER_LOCALIZABILITY_NONLOCALIZED = YES;
				CLANG_ANALYZER_NONNULL = YES;
				CLANG_ANALYZER_NUMBER_OBJECT_CONVERSION = YES_AGGRESSIVE;
				CLANG_CXX_LANGUAGE_STANDARD = "gnu++20";
				CLANG_ENABLE_MODULES = YES;
				CLANG_ENABLE_OBJC_ARC = YES;
				CLANG_ENABLE_OBJC_WEAK = YES;
				CLANG_WARN_BLOCK_CAPTURE_AUTORELEASING = YES;
				CLANG_WARN_BOOL_CONVERSION = YES;
				CLANG_WARN_COMMA = YES;
				CLANG_WARN_CONSTANT_CONVERSION = YES;
				CLANG_WARN_DEPRECATED_OBJC_IMPLEMENTATIONS = YES;
				CLANG_WARN_DIRECT_OBJC_ISA_USAGE = YES_ERROR;
				CLANG_WARN_DOCUMENTATION_COMMENTS = YES;
				CLANG_WARN_EMPTY_BODY = YES;
				CLANG_WARN_ENUM_CONVERSION = YES;
				CLANG_WARN_INFINITE_RECURSION = YES;
				CLANG_WARN_INT_CONVERSION = YES;
				CLANG_WARN_NON_LITERAL_NULL_CONVERSION = YES;
				CLANG_WARN_OBJC_IMPLICIT_RETAIN_SELF = YES;
				CLANG_WARN_OBJC_LITERAL_CONVERSION = YES;
				CLANG_WARN_OBJC_ROOT_CLASS = YES_ERROR;
				CLANG_WARN_QUOTED_INCLUDE_IN_FRAMEWORK_HEADER = YES;
				CLANG_WARN_RANGE_LOOP_ANALYSIS = YES;
				CLANG_WARN_STRICT_PROTOTYPES = YES;
				CLANG_WARN_SUSPICIOUS_MOVE = YES;
				CLANG_WARN_UNGUARDED_AVAILABILITY = YES_AGGRESSIVE;
				CLANG_WARN_UNREACHABLE_CODE = YES;
				CLANG_WARN__DUPLICATE_METHOD_MATCH = YES;
				COPY_PHASE_STRIP = NO;
				DEBUG_INFORMATION_FORMAT = "dwarf-with-dsym";
				DEVELOPMENT_TEAM = 9A2R42N433;
				ENABLE_NS_ASSERTIONS = NO;
				ENABLE_STRICT_OBJC_MSGSEND = YES;
				ENABLE_USER_SCRIPT_SANDBOXING = YES;
				GCC_C_LANGUAGE_STANDARD = gnu17;
				GCC_NO_COMMON_BLOCKS = YES;
				GCC_WARN_64_TO_32_BIT_CONVERSION = YES;
				GCC_WARN_ABOUT_RETURN_TYPE = YES_ERROR;
				GCC_WARN_UNDECLARED_SELECTOR = YES;
				GCC_WARN_UNINITIALIZED_AUTOS = YES_AGGRESSIVE;
				GCC_WARN_UNUSED_FUNCTION = YES;
				GCC_WARN_UNUSED_VARIABLE = YES;
				IPHONEOS_DEPLOYMENT_TARGET = 26.0;
				LOCALIZATION_PREFERS_STRING_CATALOGS = YES;
				MTL_ENABLE_DEBUG_INFO = NO;
				MTL_FAST_MATH = YES;
				SDKROOT = iphoneos;
				STRING_CATALOG_GENERATE_SYMBOLS = YES;
				SWIFT_COMPILATION_MODE = wholemodule;
				VALIDATE_PRODUCT = YES;
			};
			name = Release;
		};
		F13289CA2E4DBA6D004EC064 /* Debug */ = {
			isa = XCBuildConfiguration;
			buildSettings = {
				BUNDLE_LOADER = "$(TEST_HOST)";
				CODE_SIGN_STYLE = Automatic;
				CURRENT_PROJECT_VERSION = 1;
				GENERATE_INFOPLIST_FILE = YES;
				IPHONEOS_DEPLOYMENT_TARGET = 26.0;
				MARKETING_VERSION = 1.0;
				PRODUCT_BUNDLE_IDENTIFIER = io.jayet.IsoraTests;
				PRODUCT_NAME = "$(TARGET_NAME)";
				SWIFT_EMIT_LOC_STRINGS = NO;
				SWIFT_VERSION = 6.0;
				TARGETED_DEVICE_FAMILY = "1,2";
				TEST_HOST = "$(BUILT_PRODUCTS_DIR)/Isora.app/$(BUNDLE_EXECUTABLE_FOLDER_PATH)/Isora";
			};
			name = Debug;
		};
		F13289CB2E4DBA6D004EC064 /* Release */ = {
			isa = XCBuildConfiguration;
			buildSettings = {
				BUNDLE_LOADER = "$(TEST_HOST)";
				CODE_SIGN_STYLE = Automatic;
				CURRENT_PROJECT_VERSION = 1;
				GENERATE_INFOPLIST_FILE = YES;
				IPHONEOS_DEPLOYMENT_TARGET = 26.0;
				MARKETING_VERSION = 1.0;
				PRODUCT_BUNDLE_IDENTIFIER = io.jayet.IsoraTests;
				PRODUCT_NAME = "$(TARGET_NAME)";
				SWIFT_EMIT_LOC_STRINGS = NO;
				SWIFT_VERSION = 6.0;
				TARGETED_DEVICE_FAMILY = "1,2";
				TEST_HOST = "$(BUILT_PRODUCTS_DIR)/Isora.app/$(BUNDLE_EXECUTABLE_FOLDER_PATH)/Isora";
			};
			name = Release;
		};
		F13289CD2E4DBA6D004EC064 /* Debug */ = {
			isa = XCBuildConfiguration;
			buildSettings = {
				CODE_SIGN_STYLE = Automatic;
				CURRENT_PROJECT_VERSION = 1;
				GENERATE_INFOPLIST_FILE = YES;
				MARKETING_VERSION = 1.0;
				PRODUCT_BUNDLE_IDENTIFIER = io.jayet.IsoraUITests;
				PRODUCT_NAME = "$(TARGET_NAME)";
				SWIFT_EMIT_LOC_STRINGS = NO;
				SWIFT_VERSION = 6.0;
				TARGETED_DEVICE_FAMILY = "1,2";
				TEST_TARGET_NAME = Isora;
			};
			name = Debug;
		};
		F13289CE2E4DBA6D004EC064 /* Release */ = {
			isa = XCBuildConfiguration;
			buildSettings = {
				CODE_SIGN_STYLE = Automatic;
				CURRENT_PROJECT_VERSION = 1;
				GENERATE_INFOPLIST_FILE = YES;
				MARKETING_VERSION = 1.0;
				PRODUCT_BUNDLE_IDENTIFIER = io.jayet.IsoraUITests;
				PRODUCT_NAME = "$(TARGET_NAME)";
				SWIFT_EMIT_LOC_STRINGS = NO;
				SWIFT_VERSION = 6.0;
				TARGETED_DEVICE_FAMILY = "1,2";
				TEST_TARGET_NAME = Isora;
			};
			name = Release;
		};
		F1A887152E66445200718F1B /* Debug */ = {
			isa = XCBuildConfiguration;
			buildSettings = {
				ASSETCATALOG_COMPILER_GLOBAL_ACCENT_COLOR_NAME = AccentColor;
				ASSETCATALOG_COMPILER_WIDGET_BACKGROUND_COLOR_NAME = WidgetBackground;
				CODE_SIGN_ENTITLEMENTS = IsoraWidgetExtension.entitlements;
				CODE_SIGN_IDENTITY = "Apple Development";
				CODE_SIGN_STYLE = Automatic;
				CURRENT_PROJECT_VERSION = 1;
				DEVELOPMENT_TEAM = 9A2R42N433;
				GENERATE_INFOPLIST_FILE = YES;
				INFOPLIST_FILE = IsoraWidget/Info.plist;
				INFOPLIST_KEY_CFBundleDisplayName = Isora;
				INFOPLIST_KEY_NSHumanReadableCopyright = "";
				LD_RUNPATH_SEARCH_PATHS = (
					"$(inherited)",
					"@executable_path/Frameworks",
					"@executable_path/../../Frameworks",
				);
				MARKETING_VERSION = 1.0;
				PRODUCT_BUNDLE_IDENTIFIER = io.jayet.Isora.IsoraWidget;
				PRODUCT_NAME = "$(TARGET_NAME)";
				SKIP_INSTALL = YES;
				STRING_CATALOG_GENERATE_SYMBOLS = YES;
				SWIFT_ACTIVE_COMPILATION_CONDITIONS = "WIDGET_EXTENSION $(inherited)";
				SWIFT_APPROACHABLE_CONCURRENCY = YES;
				SWIFT_DEFAULT_ACTOR_ISOLATION = MainActor;
				SWIFT_EMIT_LOC_STRINGS = YES;
				SWIFT_UPCOMING_FEATURE_INFER_SENDABLE_FROM_CAPTURES = YES;
				SWIFT_UPCOMING_FEATURE_MEMBER_IMPORT_VISIBILITY = YES;
				SWIFT_VERSION = 6.0;
				TARGETED_DEVICE_FAMILY = "1,2";
			};
			name = Debug;
		};
		F1A887162E66445200718F1B /* Release */ = {
			isa = XCBuildConfiguration;
			buildSettings = {
				ASSETCATALOG_COMPILER_GLOBAL_ACCENT_COLOR_NAME = AccentColor;
				ASSETCATALOG_COMPILER_WIDGET_BACKGROUND_COLOR_NAME = WidgetBackground;
				CODE_SIGN_ENTITLEMENTS = IsoraWidgetExtension.entitlements;
				CODE_SIGN_IDENTITY = "Apple Development";
				CODE_SIGN_STYLE = Automatic;
				CURRENT_PROJECT_VERSION = 1;
				DEVELOPMENT_TEAM = 9A2R42N433;
				GENERATE_INFOPLIST_FILE = YES;
				INFOPLIST_FILE = IsoraWidget/Info.plist;
				INFOPLIST_KEY_CFBundleDisplayName = Isora;
				INFOPLIST_KEY_NSHumanReadableCopyright = "";
				LD_RUNPATH_SEARCH_PATHS = (
					"$(inherited)",
					"@executable_path/Frameworks",
					"@executable_path/../../Frameworks",
				);
				MARKETING_VERSION = 1.0;
				PRODUCT_BUNDLE_IDENTIFIER = io.jayet.Isora.IsoraWidget;
				PRODUCT_NAME = "$(TARGET_NAME)";
				SKIP_INSTALL = YES;
				STRING_CATALOG_GENERATE_SYMBOLS = YES;
				SWIFT_ACTIVE_COMPILATION_CONDITIONS = "WIDGET_EXTENSION $(inherited)";
				SWIFT_APPROACHABLE_CONCURRENCY = YES;
				SWIFT_DEFAULT_ACTOR_ISOLATION = MainActor;
				SWIFT_EMIT_LOC_STRINGS = YES;
				SWIFT_UPCOMING_FEATURE_INFER_SENDABLE_FROM_CAPTURES = YES;
				SWIFT_UPCOMING_FEATURE_MEMBER_IMPORT_VISIBILITY = YES;
				SWIFT_VERSION = 6.0;
				TARGETED_DEVICE_FAMILY = "1,2";
			};
			name = Release;
		};
/* End XCBuildConfiguration section */

/* Begin XCConfigurationList section */
		F132899B2E4DBA6B004EC064 /* Build configuration list for PBXProject "Isora" */ = {
			isa = XCConfigurationList;
			buildConfigurations = (
				F13289C72E4DBA6D004EC064 /* Debug */,
				F13289C82E4DBA6D004EC064 /* Release */,
			);
			defaultConfigurationIsVisible = 0;
			defaultConfigurationName = Release;
		};
		F13289C42E4DBA6D004EC064 /* Build configuration list for PBXNativeTarget "Isora" */ = {
			isa = XCConfigurationList;
			buildConfigurations = (
				F13289C52E4DBA6D004EC064 /* Debug */,
				F13289C62E4DBA6D004EC064 /* Release */,
			);
			defaultConfigurationIsVisible = 0;
			defaultConfigurationName = Release;
		};
		F13289C92E4DBA6D004EC064 /* Build configuration list for PBXNativeTarget "IsoraTests" */ = {
			isa = XCConfigurationList;
			buildConfigurations = (
				F13289CA2E4DBA6D004EC064 /* Debug */,
				F13289CB2E4DBA6D004EC064 /* Release */,
			);
			defaultConfigurationIsVisible = 0;
			defaultConfigurationName = Release;
		};
		F13289CC2E4DBA6D004EC064 /* Build configuration list for PBXNativeTarget "IsoraUITests" */ = {
			isa = XCConfigurationList;
			buildConfigurations = (
				F13289CD2E4DBA6D004EC064 /* Debug */,
				F13289CE2E4DBA6D004EC064 /* Release */,
			);
			defaultConfigurationIsVisible = 0;
			defaultConfigurationName = Release;
		};
		F1A887142E66445200718F1B /* Build configuration list for PBXNativeTarget "IsoraWidgetExtension" */ = {
			isa = XCConfigurationList;
			buildConfigurations = (
				F1A887152E66445200718F1B /* Debug */,
				F1A887162E66445200718F1B /* Release */,
			);
			defaultConfigurationIsVisible = 0;
			defaultConfigurationName = Release;
		};
/* End XCConfigurationList section */

/* Begin XCRemoteSwiftPackageReference section */
		F11938C32E60A52D003F868D /* XCRemoteSwiftPackageReference "ZIPFoundation" */ = {
			isa = XCRemoteSwiftPackageReference;
			repositoryURL = "https://github.com/weichsel/ZIPFoundation";
			requirement = {
				kind = upToNextMajorVersion;
				minimumVersion = 0.9.19;
			};
		};
/* End XCRemoteSwiftPackageReference section */

/* Begin XCSwiftPackageProductDependency section */
		F11938C42E60A52D003F868D /* ZIPFoundation */ = {
			isa = XCSwiftPackageProductDependency;
			package = F11938C32E60A52D003F868D /* XCRemoteSwiftPackageReference "ZIPFoundation" */;
			productName = ZIPFoundation;
		};
/* End XCSwiftPackageProductDependency section */
	};
	rootObject = F13289982E4DBA6B004EC064 /* Project object */;
}
